
Microsoft Visual Studio Solution File, Format Version 12.00
# Visual Studio Version 16
VisualStudioVersion = 16.0.30621.155
MinimumVisualStudioVersion = 10.0.40219.1
Project("{9A19103F-16F7-4668-BE54-9A1E7A4F7556}") = "SharedData", "SharedData\SharedData.csproj", "{2D3450A3-3FD5-47B6-8E14-F834B59317B6}"
EndProject
Project("{FAE04EC0-301F-11D3-BF4B-00C04F79EFBC}") = "SharedDataFixed", "SharedDataFixed\SharedDataFixed.csproj", "{576B4BB7-C669-4838-8418-6162523E93B6}"
EndProject
Project("{FAE04EC0-301F-11D3-BF4B-00C04F79EFBC}") = "BankAccounts", "BankAccounts\BankAccounts.csproj", "{A7B4A125-BA6F-41F0-A2B6-C2446268258C}"
EndProject
Project("{FAE04EC0-301F-11D3-BF4B-00C04F79EFBC}") = "GuessMyLuckyNumber", "GuessMyLuckyNumber\GuessMyLuckyNumber.csproj", "{3B0BF2DA-3940-4672-A4E6-C54AA6D3AE21}"
EndProject
Project("{FAE04EC0-301F-11D3-BF4B-00C04F79EFBC}") = "Warehouse", "Warehouse\Warehouse.csproj", "{8489E3CB-C2F8-4482-9B5E-7558385341FB}"
EndProject
Global
	GlobalSection(SolutionConfigurationPlatforms) = preSolution
		Debug|Any CPU = Debug|Any CPU
		Release|Any CPU = Release|Any CPU
	EndGlobalSection
	GlobalSection(ProjectConfigurationPlatforms) = postSolution
		{2D3450A3-3FD5-47B6-8E14-F834B59317B6}.Debug|Any CPU.ActiveCfg = Debug|Any CPU
		{2D3450A3-3FD5-47B6-8E14-F834B59317B6}.Debug|Any CPU.Build.0 = Debug|Any CPU
		{2D3450A3-3FD5-47B6-8E14-F834B59317B6}.Release|Any CPU.ActiveCfg = Release|Any CPU
		{2D3450A3-3FD5-47B6-8E14-F834B59317B6}.Release|Any CPU.Build.0 = Release|Any CPU
		{576B4BB7-C669-4838-8418-6162523E93B6}.Debug|Any CPU.ActiveCfg = Debug|Any CPU
		{576B4BB7-C669-4838-8418-6162523E93B6}.Debug|Any CPU.Build.0 = Debug|Any CPU
		{576B4BB7-C669-4838-8418-6162523E93B6}.Release|Any CPU.ActiveCfg = Release|Any CPU
		{576B4BB7-C669-4838-8418-6162523E93B6}.Release|Any CPU.Build.0 = Release|Any CPU
		{A7B4A125-BA6F-41F0-A2B6-C2446268258C}.Debug|Any CPU.ActiveCfg = Debug|Any CPU
		{A7B4A125-BA6F-41F0-A2B6-C2446268258C}.Debug|Any CPU.Build.0 = Debug|Any CPU
		{A7B4A125-BA6F-41F0-A2B6-C2446268258C}.Release|Any CPU.ActiveCfg = Release|Any CPU
		{A7B4A125-BA6F-41F0-A2B6-C2446268258C}.Release|Any CPU.Build.0 = Release|Any CPU
		{3B0BF2DA-3940-4672-A4E6-C54AA6D3AE21}.Debug|Any CPU.ActiveCfg = Debug|Any CPU
		{3B0BF2DA-3940-4672-A4E6-C54AA6D3AE21}.Debug|Any CPU.Build.0 = Debug|Any CPU
		{3B0BF2DA-3940-4672-A4E6-C54AA6D3AE21}.Release|Any CPU.ActiveCfg = Release|Any CPU
		{3B0BF2DA-3940-4672-A4E6-C54AA6D3AE21}.Release|Any CPU.Build.0 = Release|Any CPU
		{8489E3CB-C2F8-4482-9B5E-7558385341FB}.Debug|Any CPU.ActiveCfg = Debug|Any CPU
		{8489E3CB-C2F8-4482-9B5E-7558385341FB}.Debug|Any CPU.Build.0 = Debug|Any CPU
		{8489E3CB-C2F8-4482-9B5E-7558385341FB}.Release|Any CPU.ActiveCfg = Release|Any CPU
		{8489E3CB-C2F8-4482-9B5E-7558385341FB}.Release|Any CPU.Build.0 = Release|Any CPU
	EndGlobalSection
	GlobalSection(SolutionProperties) = preSolution
		HideSolutionNode = FALSE
	EndGlobalSection
	GlobalSection(ExtensibilityGlobals) = postSolution
		SolutionGuid = {C78EF76D-4957-4C99-98AD-918BDF4D7685}
	EndGlobalSection
EndGlobal
